
Microsoft Visual Studio Solution File, Format Version 12.00
# Visual Studio Version 17
VisualStudioVersion = 17.2.32519.379
MinimumVisualStudioVersion = 10.0.40219.1
Project("{9A19103F-16F7-4668-BE54-9A1E7A4F7556}") = "ATMIRA", "ATMIRA\ATMIRA.csproj", "{064BAF6D-73BF-4F18-8E4C-AD91338C84AC}"
EndProject
Project("{FAE04EC0-301F-11D3-BF4B-00C04F79EFBC}") = "UnitTestProject", "UnitTestProject\UnitTestProject.csproj", "{3C8FCD72-E610-492B-AF20-9C24E00C0FB9}"
EndProject
Global
	GlobalSection(SolutionConfigurationPlatforms) = preSolution
		Debug|Any CPU = Debug|Any CPU
		Release|Any CPU = Release|Any CPU
	EndGlobalSection
	GlobalSection(ProjectConfigurationPlatforms) = postSolution
		{064BAF6D-73BF-4F18-8E4C-AD91338C84AC}.Debug|Any CPU.ActiveCfg = Debug|Any CPU
		{064BAF6D-73BF-4F18-8E4C-AD91338C84AC}.Debug|Any CPU.Build.0 = Debug|Any CPU
		{064BAF6D-73BF-4F18-8E4C-AD91338C84AC}.Release|Any CPU.ActiveCfg = Release|Any CPU
		{064BAF6D-73BF-4F18-8E4C-AD91338C84AC}.Release|Any CPU.Build.0 = Release|Any CPU
		{3C8FCD72-E610-492B-AF20-9C24E00C0FB9}.Debug|Any CPU.ActiveCfg = Debug|Any CPU
		{3C8FCD72-E610-492B-AF20-9C24E00C0FB9}.Debug|Any CPU.Build.0 = Debug|Any CPU
		{3C8FCD72-E610-492B-AF20-9C24E00C0FB9}.Release|Any CPU.ActiveCfg = Release|Any CPU
		{3C8FCD72-E610-492B-AF20-9C24E00C0FB9}.Release|Any CPU.Build.0 = Release|Any CPU
	EndGlobalSection
	GlobalSection(SolutionProperties) = preSolution
		HideSolutionNode = FALSE
	EndGlobalSection
	GlobalSection(ExtensibilityGlobals) = postSolution
		SolutionGuid = {F48E1A2D-1A5D-4916-B71A-65242B628CE4}
	EndGlobalSection
EndGlobal
